Microsoft Visual Studio Solution File, Format Version 12.00
# Visual Studio Version 17
VisualStudioVersion = 17.13.35931.197
MinimumVisualStudioVersion = 10.0.40219.1
Project("{FAE04EC0-301F-11D3-BF4B-00C04F79EFBC}") = "Laba_15", "Laba_15.csproj", "{B2E0476F-5650-4B07-AE6E-4CA418CB8D22}"
EndProject
Global
	GlobalSection(SolutionConfigurationPlatforms) = preSolution
		Debug|Any CPU = Debug|Any CPU
		Release|Any CPU = Release|Any CPU
	EndGlobalSection
	GlobalSection(ProjectConfigurationPlatforms) = postSolution
		{B2E0476F-5650-4B07-AE6E-4CA418CB8D22}.Debug|Any CPU.ActiveCfg = Debug|Any CPU
		{B2E0476F-5650-4B07-AE6E-4CA418CB8D22}.Debug|Any CPU.Build.0 = Debug|Any CPU
		{B2E0476F-5650-4B07-AE6E-4CA418CB8D22}.Release|Any CPU.ActiveCfg = Release|Any CPU
		{B2E0476F-5650-4B07-AE6E-4CA418CB8D22}.Release|Any CPU.Build.0 = Release|Any CPU
	EndGlobalSection
	GlobalSection(SolutionProperties) = preSolution
		HideSolutionNode = FALSE
	EndGlobalSection
	GlobalSection(ExtensibilityGlobals) = postSolution
		SolutionGuid = {B747EE1C-E477-4947-B664-B512013A6DFB}
	EndGlobalSection
EndGlobal
